
Microsoft Visual Studio Solution File, Format Version 12.00
# Visual Studio Version 16
VisualStudioVersion = 16.0.32126.315
MinimumVisualStudioVersion = 10.0.40219.1
Project("{9A19103F-16F7-4668-BE54-9A1E7A4F7556}") = "DummyLib.Wrapper", "DummyLib.Wrapper\DummyLib.Wrapper.csproj", "{BA368651-DDBC-4F54-AFD5-B782DC9B0A9B}"
EndProject
Project("{9A19103F-16F7-4668-BE54-9A1E7A4F7556}") = "ExampleBlittableType", "Example1\ExampleBlittableType.csproj", "{44C26AE0-CCC6-4755-A0DD-6234A33B0DBF}"
EndProject
Project("{9A19103F-16F7-4668-BE54-9A1E7A4F7556}") = "ExampleNonBlittableType", "ExampleNonBlittableType\ExampleNonBlittableType.csproj", "{90F2CA70-953A-46C8-ACD9-5C1544348DAC}"
EndProject
Project("{FAE04EC0-301F-11D3-BF4B-00C04F79EFBC}") = "ExampleStrings", "ExampleStrings\ExampleStrings.csproj", "{3F599180-2273-46A0-B3A7-A37E439DB689}"
EndProject
Global
	GlobalSection(SolutionConfigurationPlatforms) = preSolution
		Debug|Any CPU = Debug|Any CPU
		Release|Any CPU = Release|Any CPU
	EndGlobalSection
	GlobalSection(ProjectConfigurationPlatforms) = postSolution
		{BA368651-DDBC-4F54-AFD5-B782DC9B0A9B}.Debug|Any CPU.ActiveCfg = Debug|Any CPU
		{BA368651-DDBC-4F54-AFD5-B782DC9B0A9B}.Debug|Any CPU.Build.0 = Debug|Any CPU
		{BA368651-DDBC-4F54-AFD5-B782DC9B0A9B}.Release|Any CPU.ActiveCfg = Release|Any CPU
		{BA368651-DDBC-4F54-AFD5-B782DC9B0A9B}.Release|Any CPU.Build.0 = Release|Any CPU
		{44C26AE0-CCC6-4755-A0DD-6234A33B0DBF}.Debug|Any CPU.ActiveCfg = Debug|Any CPU
		{44C26AE0-CCC6-4755-A0DD-6234A33B0DBF}.Debug|Any CPU.Build.0 = Debug|Any CPU
		{44C26AE0-CCC6-4755-A0DD-6234A33B0DBF}.Release|Any CPU.ActiveCfg = Release|Any CPU
		{44C26AE0-CCC6-4755-A0DD-6234A33B0DBF}.Release|Any CPU.Build.0 = Release|Any CPU
		{90F2CA70-953A-46C8-ACD9-5C1544348DAC}.Debug|Any CPU.ActiveCfg = Debug|Any CPU
		{90F2CA70-953A-46C8-ACD9-5C1544348DAC}.Debug|Any CPU.Build.0 = Debug|Any CPU
		{90F2CA70-953A-46C8-ACD9-5C1544348DAC}.Release|Any CPU.ActiveCfg = Release|Any CPU
		{90F2CA70-953A-46C8-ACD9-5C1544348DAC}.Release|Any CPU.Build.0 = Release|Any CPU
		{3F599180-2273-46A0-B3A7-A37E439DB689}.Debug|Any CPU.ActiveCfg = Debug|Any CPU
		{3F599180-2273-46A0-B3A7-A37E439DB689}.Debug|Any CPU.Build.0 = Debug|Any CPU
		{3F599180-2273-46A0-B3A7-A37E439DB689}.Release|Any CPU.ActiveCfg = Release|Any CPU
		{3F599180-2273-46A0-B3A7-A37E439DB689}.Release|Any CPU.Build.0 = Release|Any CPU
	EndGlobalSection
	GlobalSection(SolutionProperties) = preSolution
		HideSolutionNode = FALSE
	EndGlobalSection
	GlobalSection(ExtensibilityGlobals) = postSolution
		SolutionGuid = {9AACAD6F-3CC8-4D73-A1D0-D20F0A399730}
	EndGlobalSection
EndGlobal
